
Microsoft Visual Studio Solution File, Format Version 12.00
Project("{FAE04EC0-301F-11D3-BF4B-00C04F79EFBC}") = "day-01", "day-01\day-01.csproj", "{D0142478-0C8C-4ABD-814B-BF5447E994FF}"
EndProject
Project("{FAE04EC0-301F-11D3-BF4B-00C04F79EFBC}") = "day-02", "day-02\day-02.csproj", "{EA431EDC-4AFC-4E32-8951-444C5830A1EB}"
EndProject
Project("{FAE04EC0-301F-11D3-BF4B-00C04F79EFBC}") = "day-03", "day-03\day-03.csproj", "{5B576B4C-75F3-4EBD-83FD-6390B4C8B752}"
EndProject
Project("{FAE04EC0-301F-11D3-BF4B-00C04F79EFBC}") = "day-04", "day-04\day-04.csproj", "{DB7BA073-1D5C-41E6-A99E-07CFE91EDC8D}"
EndProject
Project("{FAE04EC0-301F-11D3-BF4B-00C04F79EFBC}") = "day-05", "day-05\day-05.csproj", "{6F5CE949-4FAB-4D64-8EB1-7CD61B81A30B}"
EndProject
Project("{FAE04EC0-301F-11D3-BF4B-00C04F79EFBC}") = "day-06", "day-06\day-06.csproj", "{41E13402-3435-46F4-B676-0BD8E7001A29}"
EndProject
Project("{FAE04EC0-301F-11D3-BF4B-00C04F79EFBC}") = "day-07", "day-07\day-07.csproj", "{06510A36-7598-40E0-9CF4-EB7C913CEDFE}"
EndProject
Project("{FAE04EC0-301F-11D3-BF4B-00C04F79EFBC}") = "day-08", "day-08\day-08.csproj", "{7F5B49C2-07E5-44EB-A055-E105B8FE24DC}"
EndProject
Project("{FAE04EC0-301F-11D3-BF4B-00C04F79EFBC}") = "day-09", "day-09\day-09.csproj", "{F99171D4-C3AE-4948-BE1D-0990A0FF5648}"
EndProject
Global
	GlobalSection(SolutionConfigurationPlatforms) = preSolution
		Debug|Any CPU = Debug|Any CPU
		Release|Any CPU = Release|Any CPU
	EndGlobalSection
	GlobalSection(ProjectConfigurationPlatforms) = postSolution
		{D0142478-0C8C-4ABD-814B-BF5447E994FF}.Debug|Any CPU.ActiveCfg = Debug|Any CPU
		{D0142478-0C8C-4ABD-814B-BF5447E994FF}.Debug|Any CPU.Build.0 = Debug|Any CPU
		{D0142478-0C8C-4ABD-814B-BF5447E994FF}.Release|Any CPU.ActiveCfg = Release|Any CPU
		{D0142478-0C8C-4ABD-814B-BF5447E994FF}.Release|Any CPU.Build.0 = Release|Any CPU
		{EA431EDC-4AFC-4E32-8951-444C5830A1EB}.Debug|Any CPU.ActiveCfg = Debug|Any CPU
		{EA431EDC-4AFC-4E32-8951-444C5830A1EB}.Debug|Any CPU.Build.0 = Debug|Any CPU
		{EA431EDC-4AFC-4E32-8951-444C5830A1EB}.Release|Any CPU.ActiveCfg = Release|Any CPU
		{EA431EDC-4AFC-4E32-8951-444C5830A1EB}.Release|Any CPU.Build.0 = Release|Any CPU
		{5B576B4C-75F3-4EBD-83FD-6390B4C8B752}.Debug|Any CPU.ActiveCfg = Debug|Any CPU
		{5B576B4C-75F3-4EBD-83FD-6390B4C8B752}.Debug|Any CPU.Build.0 = Debug|Any CPU
		{5B576B4C-75F3-4EBD-83FD-6390B4C8B752}.Release|Any CPU.ActiveCfg = Release|Any CPU
		{5B576B4C-75F3-4EBD-83FD-6390B4C8B752}.Release|Any CPU.Build.0 = Release|Any CPU
		{DB7BA073-1D5C-41E6-A99E-07CFE91EDC8D}.Debug|Any CPU.ActiveCfg = Debug|Any CPU
		{DB7BA073-1D5C-41E6-A99E-07CFE91EDC8D}.Debug|Any CPU.Build.0 = Debug|Any CPU
		{DB7BA073-1D5C-41E6-A99E-07CFE91EDC8D}.Release|Any CPU.ActiveCfg = Release|Any CPU
		{DB7BA073-1D5C-41E6-A99E-07CFE91EDC8D}.Release|Any CPU.Build.0 = Release|Any CPU
		{6F5CE949-4FAB-4D64-8EB1-7CD61B81A30B}.Debug|Any CPU.ActiveCfg = Debug|Any CPU
		{6F5CE949-4FAB-4D64-8EB1-7CD61B81A30B}.Debug|Any CPU.Build.0 = Debug|Any CPU
		{6F5CE949-4FAB-4D64-8EB1-7CD61B81A30B}.Release|Any CPU.ActiveCfg = Release|Any CPU
		{6F5CE949-4FAB-4D64-8EB1-7CD61B81A30B}.Release|Any CPU.Build.0 = Release|Any CPU
		{41E13402-3435-46F4-B676-0BD8E7001A29}.Debug|Any CPU.ActiveCfg = Debug|Any CPU
		{41E13402-3435-46F4-B676-0BD8E7001A29}.Debug|Any CPU.Build.0 = Debug|Any CPU
		{41E13402-3435-46F4-B676-0BD8E7001A29}.Release|Any CPU.ActiveCfg = Release|Any CPU
		{41E13402-3435-46F4-B676-0BD8E7001A29}.Release|Any CPU.Build.0 = Release|Any CPU
		{06510A36-7598-40E0-9CF4-EB7C913CEDFE}.Debug|Any CPU.ActiveCfg = Debug|Any CPU
		{06510A36-7598-40E0-9CF4-EB7C913CEDFE}.Debug|Any CPU.Build.0 = Debug|Any CPU
		{06510A36-7598-40E0-9CF4-EB7C913CEDFE}.Release|Any CPU.ActiveCfg = Release|Any CPU
		{06510A36-7598-40E0-9CF4-EB7C913CEDFE}.Release|Any CPU.Build.0 = Release|Any CPU
		{7F5B49C2-07E5-44EB-A055-E105B8FE24DC}.Debug|Any CPU.ActiveCfg = Debug|Any CPU
		{7F5B49C2-07E5-44EB-A055-E105B8FE24DC}.Debug|Any CPU.Build.0 = Debug|Any CPU
		{7F5B49C2-07E5-44EB-A055-E105B8FE24DC}.Release|Any CPU.ActiveCfg = Release|Any CPU
		{7F5B49C2-07E5-44EB-A055-E105B8FE24DC}.Release|Any CPU.Build.0 = Release|Any CPU
		{F99171D4-C3AE-4948-BE1D-0990A0FF5648}.Debug|Any CPU.ActiveCfg = Debug|Any CPU
		{F99171D4-C3AE-4948-BE1D-0990A0FF5648}.Debug|Any CPU.Build.0 = Debug|Any CPU
		{F99171D4-C3AE-4948-BE1D-0990A0FF5648}.Release|Any CPU.ActiveCfg = Release|Any CPU
		{F99171D4-C3AE-4948-BE1D-0990A0FF5648}.Release|Any CPU.Build.0 = Release|Any CPU
	EndGlobalSection
EndGlobal
